// !$*UTF8*$!
{
	archiveVersion = 1;
	classes = {
	};
	objectVersion = 46;
	objects = {

/* Begin PBXBuildFile section */
		1304EB201A0D0B0900C2DC12 /* Viaggio.m in Sources */ = {isa = PBXBuildFile; fileRef = 1304EB1F1A0D0B0900C2DC12 /* Viaggio.m */; };
		135CC3B61A0A1F3B0074D079 /* main.m in Sources */ = {isa = PBXBuildFile; fileRef = 135CC3B51A0A1F3B0074D079 /* main.m */; };
		135CC3B91A0A1F3B0074D079 /* AppDelegate.m in Sources */ = {isa = PBXBuildFile; fileRef = 135CC3B81A0A1F3B0074D079 /* AppDelegate.m */; };
		135CC3BF1A0A1F3B0074D079 /* Main.storyboard in Resources */ = {isa = PBXBuildFile; fileRef = 135CC3BD1A0A1F3B0074D079 /* Main.storyboard */; };
		135CC3C11A0A1F3B0074D079 /* Images.xcassets in Resources */ = {isa = PBXBuildFile; fileRef = 135CC3C01A0A1F3B0074D079 /* Images.xcassets */; };
		135CC3D01A0A1F3B0074D079 /* SeguiTrenoTests.m in Sources */ = {isa = PBXBuildFile; fileRef = 135CC3CF1A0A1F3B0074D079 /* SeguiTrenoTests.m */; };
		135CC3DD1A0A1F6D0074D079 /* FZDatepicker.m in Sources */ = {isa = PBXBuildFile; fileRef = 135CC3DA1A0A1F6D0074D079 /* FZDatepicker.m */; };
		135CC3DE1A0A1F6D0074D079 /* FZDatepickerDateView.m in Sources */ = {isa = PBXBuildFile; fileRef = 135CC3DC1A0A1F6D0074D079 /* FZDatepickerDateView.m */; };
		13650BB41A0A5F14000F2F51 /* NewTrainController.m in Sources */ = {isa = PBXBuildFile; fileRef = 13650BB31A0A5F14000F2F51 /* NewTrainController.m */; };
		137D86D01A0CB65E00D31838 /* MainViewController.m in Sources */ = {isa = PBXBuildFile; fileRef = 137D86CF1A0CB65E00D31838 /* MainViewController.m */; };
		137D86D61A0CB9A900D31838 /* SoluzioneViaggioViewController.m in Sources */ = {isa = PBXBuildFile; fileRef = 137D86D51A0CB9A900D31838 /* SoluzioneViaggioViewController.m */; };
		137F4DEC1A0E4F8C00B9E77E /* DettaglioSoluzioneViewController.m in Sources */ = {isa = PBXBuildFile; fileRef = 137F4DEB1A0E4F8C00B9E77E /* DettaglioSoluzioneViewController.m */; };
		137F4DEF1A0F839D00B9E77E /* DettaglioSoluzioneTableViewCell.m in Sources */ = {isa = PBXBuildFile; fileRef = 137F4DEE1A0F839D00B9E77E /* DettaglioSoluzioneTableViewCell.m */; };
		137F4DF11A11786100B9E77E /* seguitreno.db in Resources */ = {isa = PBXBuildFile; fileRef = 137F4DF01A1177D300B9E77E /* seguitreno.db */; };
		137F4DF41A135E5200B9E77E /* DateUtils.m in Sources */ = {isa = PBXBuildFile; fileRef = 137F4DF31A135E5200B9E77E /* DateUtils.m */; };
		13D01ED91A0B706200BDCD05 /* RMDateSelectionViewController.m in Sources */ = {isa = PBXBuildFile; fileRef = 13D01ED81A0B706200BDCD05 /* RMDateSelectionViewController.m */; };
		13D01EDC1A0B888000BDCD05 /* MultiSelectSegmentedControl.m in Sources */ = {isa = PBXBuildFile; fileRef = 13D01EDB1A0B887F00BDCD05 /* MultiSelectSegmentedControl.m */; };
		13D01EEA1A0BC3B300BDCD05 /* FMDatabase.m in Sources */ = {isa = PBXBuildFile; fileRef = 13D01EE01A0BC3B300BDCD05 /* FMDatabase.m */; };
		13D01EEB1A0BC3B300BDCD05 /* FMDatabaseAdditions.m in Sources */ = {isa = PBXBuildFile; fileRef = 13D01EE21A0BC3B300BDCD05 /* FMDatabaseAdditions.m */; };
		13D01EEC1A0BC3B300BDCD05 /* FMDatabasePool.m in Sources */ = {isa = PBXBuildFile; fileRef = 13D01EE41A0BC3B300BDCD05 /* FMDatabasePool.m */; };
		13D01EED1A0BC3B300BDCD05 /* FMDatabaseQueue.m in Sources */ = {isa = PBXBuildFile; fileRef = 13D01EE61A0BC3B300BDCD05 /* FMDatabaseQueue.m */; };
		13D01EEE1A0BC3B300BDCD05 /* FMResultSet.m in Sources */ = {isa = PBXBuildFile; fileRef = 13D01EE91A0BC3B300BDCD05 /* FMResultSet.m */; };
		13D01EF21A0BC3D800BDCD05 /* DBHelper.m in Sources */ = {isa = PBXBuildFile; fileRef = 13D01EF11A0BC3D800BDCD05 /* DBHelper.m */; };
		13D01EF51A0BC43900BDCD05 /* libsqlite3.dylib in Frameworks */ = {isa = PBXBuildFile; fileRef = 13D01EF41A0BC43900BDCD05 /* libsqlite3.dylib */; };
		13D829C01A0CBA00008433E6 /* SoluzioneTableViewCell.m in Sources */ = {isa = PBXBuildFile; fileRef = 13D829BF1A0CBA00008433E6 /* SoluzioneTableViewCell.m */; };
		13DA1CD21A0A360F00AE6160 /* APIClient.m in Sources */ = {isa = PBXBuildFile; fileRef = 13DA1CD11A0A360F00AE6160 /* APIClient.m */; };
		13FF514F1A0BCD59005A8409 /* SearchStazioneViewController.m in Sources */ = {isa = PBXBuildFile; fileRef = 13FF514E1A0BCD59005A8409 /* SearchStazioneViewController.m */; };
		13FF51521A0BE88A005A8409 /* Treno.m in Sources */ = {isa = PBXBuildFile; fileRef = 13FF51511A0BE88A005A8409 /* Treno.m */; };
		13FF51551A0BE898005A8409 /* Stazione.m in Sources */ = {isa = PBXBuildFile; fileRef = 13FF51541A0BE898005A8409 /* Stazione.m */; };
/* End PBXBuildFile section */

/* Begin PBXContainerItemProxy section */
		135CC3CA1A0A1F3B0074D079 /* PBXContainerItemProxy */ = {
			isa = PBXContainerItemProxy;
			containerPortal = 135CC3A81A0A1F3B0074D079 /* Project object */;
			proxyType = 1;
			remoteGlobalIDString = 135CC3AF1A0A1F3B0074D079;
			remoteInfo = SeguiTreno;
		};
/* End PBXContainerItemProxy section */

/* Begin PBXFileReference section */
		1304EB1E1A0D0B0900C2DC12 /* Viaggio.h */ = {isa = PBXFileReference; fileEncoding = 4; lastKnownFileType = sourcecode.c.h; path = Viaggio.h; sourceTree = "<group>"; };
		1304EB1F1A0D0B0900C2DC12 /* Viaggio.m */ = {isa = PBXFileReference; fileEncoding = 4; lastKnownFileType = sourcecode.c.objc; path = Viaggio.m; sourceTree = "<group>"; };
		135CC3B01A0A1F3B0074D079 /* SeguiTreno.app */ = {isa = PBXFileReference; explicitFileType = wrapper.application; includeInIndex = 0; path = SeguiTreno.app; sourceTree = BUILT_PRODUCTS_DIR; };
		135CC3B41A0A1F3B0074D079 /* Info.plist */ = {isa = PBXFileReference; lastKnownFileType = text.plist.xml; path = Info.plist; sourceTree = "<group>"; };
		135CC3B51A0A1F3B0074D079 /* main.m */ = {isa = PBXFileReference; lastKnownFileType = sourcecode.c.objc; path = main.m; sourceTree = "<group>"; };
		135CC3B71A0A1F3B0074D079 /* AppDelegate.h */ = {isa = PBXFileReference; lastKnownFileType = sourcecode.c.h; path = AppDelegate.h; sourceTree = "<group>"; };
		135CC3B81A0A1F3B0074D079 /* AppDelegate.m */ = {isa = PBXFileReference; lastKnownFileType = sourcecode.c.objc; path = AppDelegate.m; sourceTree = "<group>"; };
		135CC3BE1A0A1F3B0074D079 /* Base */ = {isa = PBXFileReference; lastKnownFileType = file.storyboard; name = Base; path = Base.lproj/Main.storyboard; sourceTree = "<group>"; };
		135CC3C01A0A1F3B0074D079 /* Images.xcassets */ = {isa = PBXFileReference; lastKnownFileType = folder.assetcatalog; path = Images.xcassets; sourceTree = "<group>"; };
		135CC3C91A0A1F3B0074D079 /* SeguiTrenoTests.xctest */ = {isa = PBXFileReference; explicitFileType = wrapper.cfbundle; includeInIndex = 0; path = SeguiTrenoTests.xctest; sourceTree = BUILT_PRODUCTS_DIR; };
		135CC3CE1A0A1F3B0074D079 /* Info.plist */ = {isa = PBXFileReference; lastKnownFileType = text.plist.xml; path = Info.plist; sourceTree = "<group>"; };
		135CC3CF1A0A1F3B0074D079 /* SeguiTrenoTests.m */ = {isa = PBXFileReference; lastKnownFileType = sourcecode.c.objc; path = SeguiTrenoTests.m; sourceTree = "<group>"; };
		135CC3D91A0A1F6D0074D079 /* FZDatepicker.h */ = {isa = PBXFileReference; fileEncoding = 4; lastKnownFileType = sourcecode.c.h; path = FZDatepicker.h; sourceTree = "<group>"; };
		135CC3DA1A0A1F6D0074D079 /* FZDatepicker.m */ = {isa = PBXFileReference; fileEncoding = 4; lastKnownFileType = sourcecode.c.objc; path = FZDatepicker.m; sourceTree = "<group>"; };
		135CC3DB1A0A1F6D0074D079 /* FZDatepickerDateView.h */ = {isa = PBXFileReference; fileEncoding = 4; lastKnownFileType = sourcecode.c.h; path = FZDatepickerDateView.h; sourceTree = "<group>"; };
		135CC3DC1A0A1F6D0074D079 /* FZDatepickerDateView.m */ = {isa = PBXFileReference; fileEncoding = 4; lastKnownFileType = sourcecode.c.objc; path = FZDatepickerDateView.m; sourceTree = "<group>"; };
		135CC3E51A0A203C0074D079 /* SeguiTreno-Prefix.pch */ = {isa = PBXFileReference; lastKnownFileType = sourcecode.c.h; path = "SeguiTreno-Prefix.pch"; sourceTree = "<group>"; };
		13650BB21A0A5F14000F2F51 /* NewTrainController.h */ = {isa = PBXFileReference; fileEncoding = 4; lastKnownFileType = sourcecode.c.h; path = NewTrainController.h; sourceTree = "<group>"; };
		13650BB31A0A5F14000F2F51 /* NewTrainController.m */ = {isa = PBXFileReference; fileEncoding = 4; lastKnownFileType = sourcecode.c.objc; path = NewTrainController.m; sourceTree = "<group>"; };
		137D86CE1A0CB65E00D31838 /* MainViewController.h */ = {isa = PBXFileReference; fileEncoding = 4; lastKnownFileType = sourcecode.c.h; path = MainViewController.h; sourceTree = "<group>"; };
		137D86CF1A0CB65E00D31838 /* MainViewController.m */ = {isa = PBXFileReference; fileEncoding = 4; lastKnownFileType = sourcecode.c.objc; path = MainViewController.m; sourceTree = "<group>"; };
		137D86D41A0CB9A900D31838 /* SoluzioneViaggioViewController.h */ = {isa = PBXFileReference; fileEncoding = 4; lastKnownFileType = sourcecode.c.h; name = SoluzioneViaggioViewController.h; path = ../SoluzioneViaggioViewController.h; sourceTree = "<group>"; };
		137D86D51A0CB9A900D31838 /* SoluzioneViaggioViewController.m */ = {isa = PBXFileReference; fileEncoding = 4; lastKnownFileType = sourcecode.c.objc; name = SoluzioneViaggioViewController.m; path = ../SoluzioneViaggioViewController.m; sourceTree = "<group>"; };
		137F4DEA1A0E4F8C00B9E77E /* DettaglioSoluzioneViewController.h */ = {isa = PBXFileReference; fileEncoding = 4; lastKnownFileType = sourcecode.c.h; path = DettaglioSoluzioneViewController.h; sourceTree = "<group>"; };
		137F4DEB1A0E4F8C00B9E77E /* DettaglioSoluzioneViewController.m */ = {isa = PBXFileReference; fileEncoding = 4; lastKnownFileType = sourcecode.c.objc; path = DettaglioSoluzioneViewController.m; sourceTree = "<group>"; };
		137F4DED1A0F839D00B9E77E /* DettaglioSoluzioneTableViewCell.h */ = {isa = PBXFileReference; fileEncoding = 4; lastKnownFileType = sourcecode.c.h; path = DettaglioSoluzioneTableViewCell.h; sourceTree = "<group>"; };
		137F4DEE1A0F839D00B9E77E /* DettaglioSoluzioneTableViewCell.m */ = {isa = PBXFileReference; fileEncoding = 4; lastKnownFileType = sourcecode.c.objc; path = DettaglioSoluzioneTableViewCell.m; sourceTree = "<group>"; };
		137F4DF01A1177D300B9E77E /* seguitreno.db */ = {isa = PBXFileReference; lastKnownFileType = file; path = seguitreno.db; sourceTree = "<group>"; };
		137F4DF21A135E5200B9E77E /* DateUtils.h */ = {isa = PBXFileReference; fileEncoding = 4; lastKnownFileType = sourcecode.c.h; path = DateUtils.h; sourceTree = "<group>"; };
		137F4DF31A135E5200B9E77E /* DateUtils.m */ = {isa = PBXFileReference; fileEncoding = 4; lastKnownFileType = sourcecode.c.objc; path = DateUtils.m; sourceTree = "<group>"; };
		13D01ED71A0B706200BDCD05 /* RMDateSelectionViewController.h */ = {isa = PBXFileReference; fileEncoding = 4; lastKnownFileType = sourcecode.c.h; path = RMDateSelectionViewController.h; sourceTree = "<group>"; };
		13D01ED81A0B706200BDCD05 /* RMDateSelectionViewController.m */ = {isa = PBXFileReference; fileEncoding = 4; lastKnownFileType = sourcecode.c.objc; path = RMDateSelectionViewController.m; sourceTree = "<group>"; };
		13D01EDA1A0B887F00BDCD05 /* MultiSelectSegmentedControl.h */ = {isa = PBXFileReference; fileEncoding = 4; lastKnownFileType = sourcecode.c.h; path = MultiSelectSegmentedControl.h; sourceTree = "<group>"; };
		13D01EDB1A0B887F00BDCD05 /* MultiSelectSegmentedControl.m */ = {isa = PBXFileReference; fileEncoding = 4; lastKnownFileType = sourcecode.c.objc; path = MultiSelectSegmentedControl.m; sourceTree = "<group>"; };
		13D01EDF1A0BC3B300BDCD05 /* FMDatabase.h */ = {isa = PBXFileReference; fileEncoding = 4; lastKnownFileType = sourcecode.c.h; path = FMDatabase.h; sourceTree = "<group>"; };
		13D01EE01A0BC3B300BDCD05 /* FMDatabase.m */ = {isa = PBXFileReference; fileEncoding = 4; lastKnownFileType = sourcecode.c.objc; path = FMDatabase.m; sourceTree = "<group>"; };
		13D01EE11A0BC3B300BDCD05 /* FMDatabaseAdditions.h */ = {isa = PBXFileReference; fileEncoding = 4; lastKnownFileType = sourcecode.c.h; path = FMDatabaseAdditions.h; sourceTree = "<group>"; };
		13D01EE21A0BC3B300BDCD05 /* FMDatabaseAdditions.m */ = {isa = PBXFileReference; fileEncoding = 4; lastKnownFileType = sourcecode.c.objc; path = FMDatabaseAdditions.m; sourceTree = "<group>"; };
		13D01EE31A0BC3B300BDCD05 /* FMDatabasePool.h */ = {isa = PBXFileReference; fileEncoding = 4; lastKnownFileType = sourcecode.c.h; path = FMDatabasePool.h; sourceTree = "<group>"; };
		13D01EE41A0BC3B300BDCD05 /* FMDatabasePool.m */ = {isa = PBXFileReference; fileEncoding = 4; lastKnownFileType = sourcecode.c.objc; path = FMDatabasePool.m; sourceTree = "<group>"; };
		13D01EE51A0BC3B300BDCD05 /* FMDatabaseQueue.h */ = {isa = PBXFileReference; fileEncoding = 4; lastKnownFileType = sourcecode.c.h; path = FMDatabaseQueue.h; sourceTree = "<group>"; };
		13D01EE61A0BC3B300BDCD05 /* FMDatabaseQueue.m */ = {isa = PBXFileReference; fileEncoding = 4; lastKnownFileType = sourcecode.c.objc; path = FMDatabaseQueue.m; sourceTree = "<group>"; };
		13D01EE71A0BC3B300BDCD05 /* FMDB.h */ = {isa = PBXFileReference; fileEncoding = 4; lastKnownFileType = sourcecode.c.h; path = FMDB.h; sourceTree = "<group>"; };
		13D01EE81A0BC3B300BDCD05 /* FMResultSet.h */ = {isa = PBXFileReference; fileEncoding = 4; lastKnownFileType = sourcecode.c.h; path = FMResultSet.h; sourceTree = "<group>"; };
		13D01EE91A0BC3B300BDCD05 /* FMResultSet.m */ = {isa = PBXFileReference; fileEncoding = 4; lastKnownFileType = sourcecode.c.objc; path = FMResultSet.m; sourceTree = "<group>"; };
		13D01EF01A0BC3D800BDCD05 /* DBHelper.h */ = {isa = PBXFileReference; fileEncoding = 4; lastKnownFileType = sourcecode.c.h; path = DBHelper.h; sourceTree = "<group>"; };
		13D01EF11A0BC3D800BDCD05 /* DBHelper.m */ = {isa = PBXFileReference; fileEncoding = 4; lastKnownFileType = sourcecode.c.objc; path = DBHelper.m; sourceTree = "<group>"; };
		13D01EF41A0BC43900BDCD05 /* libsqlite3.dylib */ = {isa = PBXFileReference; lastKnownFileType = "compiled.mach-o.dylib"; name = libsqlite3.dylib; path = usr/lib/libsqlite3.dylib; sourceTree = SDKROOT; };
		13D829BE1A0CBA00008433E6 /* SoluzioneTableViewCell.h */ = {isa = PBXFileReference; fileEncoding = 4; lastKnownFileType = sourcecode.c.h; path = SoluzioneTableViewCell.h; sourceTree = "<group>"; };
		13D829BF1A0CBA00008433E6 /* SoluzioneTableViewCell.m */ = {isa = PBXFileReference; fileEncoding = 4; lastKnownFileType = sourcecode.c.objc; path = SoluzioneTableViewCell.m; sourceTree = "<group>"; };
		13DA1CD01A0A360F00AE6160 /* APIClient.h */ = {isa = PBXFileReference; fileEncoding = 4; lastKnownFileType = sourcecode.c.h; path = APIClient.h; sourceTree = "<group>"; };
		13DA1CD11A0A360F00AE6160 /* APIClient.m */ = {isa = PBXFileReference; fileEncoding = 4; lastKnownFileType = sourcecode.c.objc; path = APIClient.m; sourceTree = "<group>"; };
		13FF514D1A0BCD59005A8409 /* SearchStazioneViewController.h */ = {isa = PBXFileReference; fileEncoding = 4; lastKnownFileType = sourcecode.c.h; path = SearchStazioneViewController.h; sourceTree = "<group>"; };
		13FF514E1A0BCD59005A8409 /* SearchStazioneViewController.m */ = {isa = PBXFileReference; fileEncoding = 4; lastKnownFileType = sourcecode.c.objc; path = SearchStazioneViewController.m; sourceTree = "<group>"; };
		13FF51501A0BE88A005A8409 /* Treno.h */ = {isa = PBXFileReference; fileEncoding = 4; lastKnownFileType = sourcecode.c.h; path = Treno.h; sourceTree = "<group>"; };
		13FF51511A0BE88A005A8409 /* Treno.m */ = {isa = PBXFileReference; fileEncoding = 4; lastKnownFileType = sourcecode.c.objc; path = Treno.m; sourceTree = "<group>"; };
		13FF51531A0BE898005A8409 /* Stazione.h */ = {isa = PBXFileReference; fileEncoding = 4; lastKnownFileType = sourcecode.c.h; path = Stazione.h; sourceTree = "<group>"; };
		13FF51541A0BE898005A8409 /* Stazione.m */ = {isa = PBXFileReference; fileEncoding = 4; lastKnownFileType = sourcecode.c.objc; path = Stazione.m; sourceTree = "<group>"; };
/* End PBXFileReference section */

/* Begin PBXFrameworksBuildPhase section */
		135CC3AD1A0A1F3B0074D079 /* Frameworks */ = {
			isa = PBXFrameworksBuildPhase;
			buildActionMask = 2147483647;
			files = (
				13D01EF51A0BC43900BDCD05 /* libsqlite3.dylib in Frameworks */,
			);
			runOnlyForDeploymentPostprocessing = 0;
		};
		135CC3C61A0A1F3B0074D079 /* Frameworks */ = {
			isa = PBXFrameworksBuildPhase;
			buildActionMask = 2147483647;
			files = (
			);
			runOnlyForDeploymentPostprocessing = 0;
		};
/* End PBXFrameworksBuildPhase section */

/* Begin PBXGroup section */
		135CC3A71A0A1F3B0074D079 = {
			isa = PBXGroup;
			children = (
				135CC3B21A0A1F3B0074D079 /* SeguiTreno */,
				135CC3CC1A0A1F3B0074D079 /* SeguiTrenoTests */,
				135CC3B11A0A1F3B0074D079 /* Products */,
			);
			sourceTree = "<group>";
		};
		135CC3B11A0A1F3B0074D079 /* Products */ = {
			isa = PBXGroup;
			children = (
				135CC3B01A0A1F3B0074D079 /* SeguiTreno.app */,
				135CC3C91A0A1F3B0074D079 /* SeguiTrenoTests.xctest */,
			);
			name = Products;
			sourceTree = "<group>";
		};
		135CC3B21A0A1F3B0074D079 /* SeguiTreno */ = {
			isa = PBXGroup;
			children = (
				135CC3B71A0A1F3B0074D079 /* AppDelegate.h */,
				135CC3B81A0A1F3B0074D079 /* AppDelegate.m */,
				135CC3E31A0A1FC70074D079 /* Views */,
				13FF51561A0BE8E6005A8409 /* Model */,
				13DA1CD31A0A361700AE6160 /* Core */,
				13650BB51A0A654D000F2F51 /* UI Elements */,
				13D01EEF1A0BC3BB00BDCD05 /* Libraries */,
				135CC3BD1A0A1F3B0074D079 /* Main.storyboard */,
				137F4DF01A1177D300B9E77E /* seguitreno.db */,
				135CC3C01A0A1F3B0074D079 /* Images.xcassets */,
				13D01EF61A0BC45800BDCD05 /* Frameworks */,
				135CC3B31A0A1F3B0074D079 /* Supporting Files */,
			);
			path = SeguiTreno;
			sourceTree = "<group>";
		};
		135CC3B31A0A1F3B0074D079 /* Supporting Files */ = {
			isa = PBXGroup;
			children = (
				135CC3E51A0A203C0074D079 /* SeguiTreno-Prefix.pch */,
				135CC3B41A0A1F3B0074D079 /* Info.plist */,
				135CC3B51A0A1F3B0074D079 /* main.m */,
			);
			name = "Supporting Files";
			sourceTree = "<group>";
		};
		135CC3CC1A0A1F3B0074D079 /* SeguiTrenoTests */ = {
			isa = PBXGroup;
			children = (
				135CC3CF1A0A1F3B0074D079 /* SeguiTrenoTests.m */,
				135CC3CD1A0A1F3B0074D079 /* Supporting Files */,
			);
			path = SeguiTrenoTests;
			sourceTree = "<group>";
		};
		135CC3CD1A0A1F3B0074D079 /* Supporting Files */ = {
			isa = PBXGroup;
			children = (
				135CC3CE1A0A1F3B0074D079 /* Info.plist */,
			);
			name = "Supporting Files";
			sourceTree = "<group>";
		};
		135CC3DF1A0A1F730074D079 /* Datepicker */ = {
			isa = PBXGroup;
			children = (
				135CC3D91A0A1F6D0074D079 /* FZDatepicker.h */,
				135CC3DA1A0A1F6D0074D079 /* FZDatepicker.m */,
				135CC3DB1A0A1F6D0074D079 /* FZDatepickerDateView.h */,
				135CC3DC1A0A1F6D0074D079 /* FZDatepickerDateView.m */,
			);
			name = Datepicker;
			sourceTree = "<group>";
		};
		135CC3E31A0A1FC70074D079 /* Views */ = {
			isa = PBXGroup;
			children = (
				137D86CE1A0CB65E00D31838 /* MainViewController.h */,
				137D86CF1A0CB65E00D31838 /* MainViewController.m */,
				13650BB21A0A5F14000F2F51 /* NewTrainController.h */,
				13650BB31A0A5F14000F2F51 /* NewTrainController.m */,
				13FF514D1A0BCD59005A8409 /* SearchStazioneViewController.h */,
				13FF514E1A0BCD59005A8409 /* SearchStazioneViewController.m */,
				137D86D41A0CB9A900D31838 /* SoluzioneViaggioViewController.h */,
				137D86D51A0CB9A900D31838 /* SoluzioneViaggioViewController.m */,
				137F4DEA1A0E4F8C00B9E77E /* DettaglioSoluzioneViewController.h */,
				137F4DEB1A0E4F8C00B9E77E /* DettaglioSoluzioneViewController.m */,
				13D829C11A0CBA07008433E6 /* Custom cells */,
			);
			name = Views;
			sourceTree = "<group>";
		};
		13650BB51A0A654D000F2F51 /* UI Elements */ = {
			isa = PBXGroup;
			children = (
				13D01EDD1A0B888400BDCD05 /* MultiSegmented */,
				13D01ED61A0B706200BDCD05 /* RMDateSelectionViewController */,
				135CC3DF1A0A1F730074D079 /* Datepicker */,
			);
			name = "UI Elements";
			sourceTree = "<group>";
		};
		137F4DF51A135E5800B9E77E /* DateUtils */ = {
			isa = PBXGroup;
			children = (
				137F4DF21A135E5200B9E77E /* DateUtils.h */,
				137F4DF31A135E5200B9E77E /* DateUtils.m */,
			);
			name = DateUtils;
			sourceTree = "<group>";
		};
		13D01ED61A0B706200BDCD05 /* RMDateSelectionViewController */ = {
			isa = PBXGroup;
			children = (
				13D01ED71A0B706200BDCD05 /* RMDateSelectionViewController.h */,
				13D01ED81A0B706200BDCD05 /* RMDateSelectionViewController.m */,
			);
			path = RMDateSelectionViewController;
			sourceTree = "<group>";
		};
		13D01EDD1A0B888400BDCD05 /* MultiSegmented */ = {
			isa = PBXGroup;
			children = (
				13D01EDA1A0B887F00BDCD05 /* MultiSelectSegmentedControl.h */,
				13D01EDB1A0B887F00BDCD05 /* MultiSelectSegmentedControl.m */,
			);
			name = MultiSegmented;
			sourceTree = "<group>";
		};
		13D01EDE1A0BC3B300BDCD05 /* fmdb */ = {
			isa = PBXGroup;
			children = (
				13D01EDF1A0BC3B300BDCD05 /* FMDatabase.h */,
				13D01EE01A0BC3B300BDCD05 /* FMDatabase.m */,
				13D01EE11A0BC3B300BDCD05 /* FMDatabaseAdditions.h */,
				13D01EE21A0BC3B300BDCD05 /* FMDatabaseAdditions.m */,
				13D01EE31A0BC3B300BDCD05 /* FMDatabasePool.h */,
				13D01EE41A0BC3B300BDCD05 /* FMDatabasePool.m */,
				13D01EE51A0BC3B300BDCD05 /* FMDatabaseQueue.h */,
				13D01EE61A0BC3B300BDCD05 /* FMDatabaseQueue.m */,
				13D01EE71A0BC3B300BDCD05 /* FMDB.h */,
				13D01EE81A0BC3B300BDCD05 /* FMResultSet.h */,
				13D01EE91A0BC3B300BDCD05 /* FMResultSet.m */,
			);
			path = fmdb;
			sourceTree = "<group>";
		};
		13D01EEF1A0BC3BB00BDCD05 /* Libraries */ = {
			isa = PBXGroup;
			children = (
				13D01EDE1A0BC3B300BDCD05 /* fmdb */,
			);
			name = Libraries;
			sourceTree = "<group>";
		};
		13D01EF31A0BC3DE00BDCD05 /* DBHelper */ = {
			isa = PBXGroup;
			children = (
				13D01EF01A0BC3D800BDCD05 /* DBHelper.h */,
				13D01EF11A0BC3D800BDCD05 /* DBHelper.m */,
			);
			name = DBHelper;
			sourceTree = "<group>";
		};
		13D01EF61A0BC45800BDCD05 /* Frameworks */ = {
			isa = PBXGroup;
			children = (
				13D01EF41A0BC43900BDCD05 /* libsqlite3.dylib */,
			);
			name = Frameworks;
			sourceTree = "<group>";
		};
		13D829C11A0CBA07008433E6 /* Custom cells */ = {
			isa = PBXGroup;
			children = (
				13D829BE1A0CBA00008433E6 /* SoluzioneTableViewCell.h */,
				13D829BF1A0CBA00008433E6 /* SoluzioneTableViewCell.m */,
				137F4DED1A0F839D00B9E77E /* DettaglioSoluzioneTableViewCell.h */,
				137F4DEE1A0F839D00B9E77E /* DettaglioSoluzioneTableViewCell.m */,
			);
			name = "Custom cells";
			sourceTree = "<group>";
		};
		13DA1CD31A0A361700AE6160 /* Core */ = {
			isa = PBXGroup;
			children = (
				137F4DF51A135E5800B9E77E /* DateUtils */,
				13D01EF31A0BC3DE00BDCD05 /* DBHelper */,
				13DA1CD41A0A362400AE6160 /* APIClient */,
			);
			name = Core;
			sourceTree = "<group>";
		};
		13DA1CD41A0A362400AE6160 /* APIClient */ = {
			isa = PBXGroup;
			children = (
				13DA1CD01A0A360F00AE6160 /* APIClient.h */,
				13DA1CD11A0A360F00AE6160 /* APIClient.m */,
			);
			name = APIClient;
			sourceTree = "<group>";
		};
		13FF51561A0BE8E6005A8409 /* Model */ = {
			isa = PBXGroup;
			children = (
				13FF51501A0BE88A005A8409 /* Treno.h */,
				13FF51511A0BE88A005A8409 /* Treno.m */,
				13FF51531A0BE898005A8409 /* Stazione.h */,
				13FF51541A0BE898005A8409 /* Stazione.m */,
				1304EB1E1A0D0B0900C2DC12 /* Viaggio.h */,
				1304EB1F1A0D0B0900C2DC12 /* Viaggio.m */,
			);
			name = Model;
			path = ..;
			sourceTree = "<group>";
		};
/* End PBXGroup section */

/* Begin PBXNativeTarget section */
		135CC3AF1A0A1F3B0074D079 /* SeguiTreno */ = {
			isa = PBXNativeTarget;
			buildConfigurationList = 135CC3D31A0A1F3B0074D079 /* Build configuration list for PBXNativeTarget "SeguiTreno" */;
			buildPhases = (
				135CC3AC1A0A1F3B0074D079 /* Sources */,
				135CC3AD1A0A1F3B0074D079 /* Frameworks */,
				135CC3AE1A0A1F3B0074D079 /* Resources */,
			);
			buildRules = (
			);
			dependencies = (
			);
			name = SeguiTreno;
			productName = SeguiTreno;
			productReference = 135CC3B01A0A1F3B0074D079 /* SeguiTreno.app */;
			productType = "com.apple.product-type.application";
		};
		135CC3C81A0A1F3B0074D079 /* SeguiTrenoTests */ = {
			isa = PBXNativeTarget;
			buildConfigurationList = 135CC3D61A0A1F3B0074D079 /* Build configuration list for PBXNativeTarget "SeguiTrenoTests" */;
			buildPhases = (
				135CC3C51A0A1F3B0074D079 /* Sources */,
				135CC3C61A0A1F3B0074D079 /* Frameworks */,
				135CC3C71A0A1F3B0074D079 /* Resources */,
			);
			buildRules = (
			);
			dependencies = (
				135CC3CB1A0A1F3B0074D079 /* PBXTargetDependency */,
			);
			name = SeguiTrenoTests;
			productName = SeguiTrenoTests;
			productReference = 135CC3C91A0A1F3B0074D079 /* SeguiTrenoTests.xctest */;
			productType = "com.apple.product-type.bundle.unit-test";
		};
/* End PBXNativeTarget section */

/* Begin PBXProject section */
		135CC3A81A0A1F3B0074D079 /* Project object */ = {
			isa = PBXProject;
			attributes = {
				LastUpgradeCheck = 0610;
				ORGANIZATIONNAME = "Francesco Zerbinati";
				TargetAttributes = {
					135CC3AF1A0A1F3B0074D079 = {
						CreatedOnToolsVersion = 6.1;
					};
					135CC3C81A0A1F3B0074D079 = {
						CreatedOnToolsVersion = 6.1;
						TestTargetID = 135CC3AF1A0A1F3B0074D079;
					};
				};
			};
			buildConfigurationList = 135CC3AB1A0A1F3B0074D079 /* Build configuration list for PBXProject "SeguiTreno" */;
			compatibilityVersion = "Xcode 3.2";
			developmentRegion = English;
			hasScannedForEncodings = 0;
			knownRegions = (
				Base,
			);
			mainGroup = 135CC3A71A0A1F3B0074D079;
			productRefGroup = 135CC3B11A0A1F3B0074D079 /* Products */;
			projectDirPath = "";
			projectRoot = "";
			targets = (
				135CC3AF1A0A1F3B0074D079 /* SeguiTreno */,
				135CC3C81A0A1F3B0074D079 /* SeguiTrenoTests */,
			);
		};
/* End PBXProject section */

/* Begin PBXResourcesBuildPhase section */
		135CC3AE1A0A1F3B0074D079 /* Resources */ = {
			isa = PBXResourcesBuildPhase;
			buildActionMask = 2147483647;
			files = (
				137F4DF11A11786100B9E77E /* seguitreno.db in Resources */,
				135CC3BF1A0A1F3B0074D079 /* Main.storyboard in Resources */,
				135CC3C11A0A1F3B0074D079 /* Images.xcassets in Resources */,
			);
			runOnlyForDeploymentPostprocessing = 0;
		};
		135CC3C71A0A1F3B0074D079 /* Resources */ = {
			isa = PBXResourcesBuildPhase;
			buildActionMask = 2147483647;
			files = (
			);
			runOnlyForDeploymentPostprocessing = 0;
		};
/* End PBXResourcesBuildPhase section */

/* Begin PBXSourcesBuildPhase section */
		135CC3AC1A0A1F3B0074D079 /* Sources */ = {
			isa = PBXSourcesBuildPhase;
			buildActionMask = 2147483647;
			files = (
				13FF51521A0BE88A005A8409 /* Treno.m in Sources */,
				135CC3DD1A0A1F6D0074D079 /* FZDatepicker.m in Sources */,
				13D01EEC1A0BC3B300BDCD05 /* FMDatabasePool.m in Sources */,
				13D01EEE1A0BC3B300BDCD05 /* FMResultSet.m in Sources */,
				13DA1CD21A0A360F00AE6160 /* APIClient.m in Sources */,
				135CC3B91A0A1F3B0074D079 /* AppDelegate.m in Sources */,
				13FF51551A0BE898005A8409 /* Stazione.m in Sources */,
				13D01EED1A0BC3B300BDCD05 /* FMDatabaseQueue.m in Sources */,
				13D01EEA1A0BC3B300BDCD05 /* FMDatabase.m in Sources */,
				135CC3B61A0A1F3B0074D079 /* main.m in Sources */,
				13D01ED91A0B706200BDCD05 /* RMDateSelectionViewController.m in Sources */,
				137F4DEC1A0E4F8C00B9E77E /* DettaglioSoluzioneViewController.m in Sources */,
				135CC3DE1A0A1F6D0074D079 /* FZDatepickerDateView.m in Sources */,
				137F4DF41A135E5200B9E77E /* DateUtils.m in Sources */,
				13D01EEB1A0BC3B300BDCD05 /* FMDatabaseAdditions.m in Sources */,
				137D86D61A0CB9A900D31838 /* SoluzioneViaggioViewController.m in Sources */,
				1304EB201A0D0B0900C2DC12 /* Viaggio.m in Sources */,
				137D86D01A0CB65E00D31838 /* MainViewController.m in Sources */,
				13FF514F1A0BCD59005A8409 /* SearchStazioneViewController.m in Sources */,
				13D01EF21A0BC3D800BDCD05 /* DBHelper.m in Sources */,
				13650BB41A0A5F14000F2F51 /* NewTrainController.m in Sources */,
				13D829C01A0CBA00008433E6 /* SoluzioneTableViewCell.m in Sources */,
				137F4DEF1A0F839D00B9E77E /* DettaglioSoluzioneTableViewCell.m in Sources */,
				13D01EDC1A0B888000BDCD05 /* MultiSelectSegmentedControl.m in Sources */,
			);
			runOnlyForDeploymentPostprocessing = 0;
		};
		135CC3C51A0A1F3B0074D079 /* Sources */ = {
			isa = PBXSourcesBuildPhase;
			buildActionMask = 2147483647;
			files = (
				135CC3D01A0A1F3B0074D079 /* SeguiTrenoTests.m in Sources */,
			);
			runOnlyForDeploymentPostprocessing = 0;
		};
/* End PBXSourcesBuildPhase section */

/* Begin PBXTargetDependency section */
		135CC3CB1A0A1F3B0074D079 /* PBXTargetDependency */ = {
			isa = PBXTargetDependency;
			target = 135CC3AF1A0A1F3B0074D079 /* SeguiTreno */;
			targetProxy = 135CC3CA1A0A1F3B0074D079 /* PBXContainerItemProxy */;
		};
/* End PBXTargetDependency section */

/* Begin PBXVariantGroup section */
		135CC3BD1A0A1F3B0074D079 /* Main.storyboard */ = {
			isa = PBXVariantGroup;
			children = (
				135CC3BE1A0A1F3B0074D079 /* Base */,
			);
			name = Main.storyboard;
			sourceTree = "<group>";
		};
/* End PBXVariantGroup section */

/* Begin XCBuildConfiguration section */
		135CC3D11A0A1F3B0074D079 /* Debug */ = {
			isa = XCBuildConfiguration;
			buildSettings = {
				ALWAYS_SEARCH_USER_PATHS = NO;
				CLANG_CXX_LANGUAGE_STANDARD = "gnu++0x";
				CLANG_CXX_LIBRARY = "libc++";
				CLANG_ENABLE_MODULES = YES;
				CLANG_ENABLE_OBJC_ARC = YES;
				CLANG_WARN_BOOL_CONVERSION = YES;
				CLANG_WARN_CONSTANT_CONVERSION = YES;
				CLANG_WARN_DIRECT_OBJC_ISA_USAGE = YES_ERROR;
				CLANG_WARN_EMPTY_BODY = YES;
				CLANG_WARN_ENUM_CONVERSION = YES;
				CLANG_WARN_INT_CONVERSION = YES;
				CLANG_WARN_OBJC_ROOT_CLASS = YES_ERROR;
				CLANG_WARN_UNREACHABLE_CODE = YES;
				CLANG_WARN__DUPLICATE_METHOD_MATCH = YES;
				CODE_SIGN_IDENTITY = "iPhone Developer";
				"CODE_SIGN_IDENTITY[sdk=iphoneos*]" = "iPhone Developer";
				COPY_PHASE_STRIP = NO;
				ENABLE_STRICT_OBJC_MSGSEND = YES;
				GCC_C_LANGUAGE_STANDARD = gnu99;
				GCC_DYNAMIC_NO_PIC = NO;
				GCC_OPTIMIZATION_LEVEL = 0;
				GCC_PREFIX_HEADER = "SeguiTreno/SeguiTreno-Prefix.pch";
				GCC_PREPROCESSOR_DEFINITIONS = (
					"DEBUG=1",
					"$(inherited)",
				);
				GCC_SYMBOLS_PRIVATE_EXTERN = NO;
				GCC_WARN_64_TO_32_BIT_CONVERSION = YES;
				GCC_WARN_ABOUT_RETURN_TYPE = YES_ERROR;
				GCC_WARN_UNDECLARED_SELECTOR = YES;
				GCC_WARN_UNINITIALIZED_AUTOS = YES_AGGRESSIVE;
				GCC_WARN_UNUSED_FUNCTION = YES;
				GCC_WARN_UNUSED_VARIABLE = YES;
				IPHONEOS_DEPLOYMENT_TARGET = 8.1;
				MTL_ENABLE_DEBUG_INFO = YES;
				ONLY_ACTIVE_ARCH = YES;
				SDKROOT = iphoneos;
				TARGETED_DEVICE_FAMILY = "1,2";
			};
			name = Debug;
		};
		135CC3D21A0A1F3B0074D079 /* Release */ = {
			isa = XCBuildConfiguration;
			buildSettings = {
				ALWAYS_SEARCH_USER_PATHS = NO;
				CLANG_CXX_LANGUAGE_STANDARD = "gnu++0x";
				CLANG_CXX_LIBRARY = "libc++";
				CLANG_ENABLE_MODULES = YES;
				CLANG_ENABLE_OBJC_ARC = YES;
				CLANG_WARN_BOOL_CONVERSION = YES;
				CLANG_WARN_CONSTANT_CONVERSION = YES;
				CLANG_WARN_DIRECT_OBJC_ISA_USAGE = YES_ERROR;
				CLANG_WARN_EMPTY_BODY = YES;
				CLANG_WARN_ENUM_CONVERSION = YES;
				CLANG_WARN_INT_CONVERSION = YES;
				CLANG_WARN_OBJC_ROOT_CLASS = YES_ERROR;
				CLANG_WARN_UNREACHABLE_CODE = YES;
				CLANG_WARN__DUPLICATE_METHOD_MATCH = YES;
				CODE_SIGN_IDENTITY = "iPhone Developer";
				"CODE_SIGN_IDENTITY[sdk=iphoneos*]" = "iPhone Developer";
				COPY_PHASE_STRIP = YES;
				ENABLE_NS_ASSERTIONS = NO;
				ENABLE_STRICT_OBJC_MSGSEND = YES;
				GCC_C_LANGUAGE_STANDARD = gnu99;
				GCC_PREFIX_HEADER = "SeguiTreno/SeguiTreno-Prefix.pch";
				GCC_WARN_64_TO_32_BIT_CONVERSION = YES;
				GCC_WARN_ABOUT_RETURN_TYPE = YES_ERROR;
				GCC_WARN_UNDECLARED_SELECTOR = YES;
				GCC_WARN_UNINITIALIZED_AUTOS = YES_AGGRESSIVE;
				GCC_WARN_UNUSED_FUNCTION = YES;
				GCC_WARN_UNUSED_VARIABLE = YES;
				IPHONEOS_DEPLOYMENT_TARGET = 8.1;
				MTL_ENABLE_DEBUG_INFO = NO;
				SDKROOT = iphoneos;
				TARGETED_DEVICE_FAMILY = "1,2";
				VALIDATE_PRODUCT = YES;
			};
			name = Release;
		};
		135CC3D41A0A1F3B0074D079 /* Debug */ = {
			isa = XCBuildConfiguration;
			buildSettings = {
				ASSETCATALOG_COMPILER_APPICON_NAME = AppIcon;
				INFOPLIST_FILE = SeguiTreno/Info.plist;
				IPHONEOS_DEPLOYMENT_TARGET = 7.0;
				LD_RUNPATH_SEARCH_PATHS = "$(inherited) @executable_path/Frameworks";
				PRODUCT_NAME = "$(TARGET_NAME)";
			};
			name = Debug;
		};
		135CC3D51A0A1F3B0074D079 /* Release */ = {
			isa = XCBuildConfiguration;
			buildSettings = {
				ASSETCATALOG_COMPILER_APPICON_NAME = AppIcon;
				INFOPLIST_FILE = SeguiTreno/Info.plist;
				IPHONEOS_DEPLOYMENT_TARGET = 7.0;
				LD_RUNPATH_SEARCH_PATHS = "$(inherited) @executable_path/Frameworks";
				PRODUCT_NAME = "$(TARGET_NAME)";
			};
			name = Release;
		};
		135CC3D71A0A1F3B0074D079 /* Debug */ = {
			isa = XCBuildConfiguration;
			buildSettings = {
				BUNDLE_LOADER = "$(TEST_HOST)";
				FRAMEWORK_SEARCH_PATHS = (
					"$(SDKROOT)/Developer/Library/Frameworks",
					"$(inherited)",
				);
				GCC_PREPROCESSOR_DEFINITIONS = (
					"DEBUG=1",
					"$(inherited)",
				);
				INFOPLIST_FILE = SeguiTrenoTests/Info.plist;
				LD_RUNPATH_SEARCH_PATHS = "$(inherited) @executable_path/Frameworks @loader_path/Frameworks";
				PRODUCT_NAME = "$(TARGET_NAME)";
				TEST_HOST = "$(BUILT_PRODUCTS_DIR)/SeguiTreno.app/SeguiTreno";
			};
			name = Debug;
		};
		135CC3D81A0A1F3B0074D079 /* Release */ = {
			isa = XCBuildConfiguration;
			buildSettings = {
				BUNDLE_LOADER = "$(TEST_HOST)";
				FRAMEWORK_SEARCH_PATHS = (
					"$(SDKROOT)/Developer/Library/Frameworks",
					"$(inherited)",
				);
				INFOPLIST_FILE = SeguiTrenoTests/Info.plist;
				LD_RUNPATH_SEARCH_PATHS = "$(inherited) @executable_path/Frameworks @loader_path/Frameworks";
				PRODUCT_NAME = "$(TARGET_NAME)";
				TEST_HOST = "$(BUILT_PRODUCTS_DIR)/SeguiTreno.app/SeguiTreno";
			};
			name = Release;
		};
/* End XCBuildConfiguration section */

/* Begin XCConfigurationList section */
		135CC3AB1A0A1F3B0074D079 /* Build configuration list for PBXProject "SeguiTreno" */ = {
			isa = XCConfigurationList;
			buildConfigurations = (
				135CC3D11A0A1F3B0074D079 /* Debug */,
				135CC3D21A0A1F3B0074D079 /* Release */,
			);
			defaultConfigurationIsVisible = 0;
			defaultConfigurationName = Release;
		};
		135CC3D31A0A1F3B0074D079 /* Build configuration list for PBXNativeTarget "SeguiTreno" */ = {
			isa = XCConfigurationList;
			buildConfigurations = (
				135CC3D41A0A1F3B0074D079 /* Debug */,
				135CC3D51A0A1F3B0074D079 /* Release */,
			);
			defaultConfigurationIsVisible = 0;
			defaultConfigurationName = Release;
		};
		135CC3D61A0A1F3B0074D079 /* Build configuration list for PBXNativeTarget "SeguiTrenoTests" */ = {
			isa = XCConfigurationList;
			buildConfigurations = (
				135CC3D71A0A1F3B0074D079 /* Debug */,
				135CC3D81A0A1F3B0074D079 /* Release */,
			);
			defaultConfigurationIsVisible = 0;
			defaultConfigurationName = Release;
		};
/* End XCConfigurationList section */
	};
	rootObject = 135CC3A81A0A1F3B0074D079 /* Project object */;
}
